
Microsoft Visual Studio Solution File, Format Version 12.00
# Visual Studio Version 16
VisualStudioVersion = 16.0.31515.178
MinimumVisualStudioVersion = 10.0.40219.1
Project("{FAE04EC0-301F-11D3-BF4B-00C04F79EFBC}") = "Sorting H1", "Sorting H1\Sorting H1.csproj", "{12D5E91E-4A46-4057-9D52-125115F2A4F4}"
EndProject
Global
	GlobalSection(SolutionConfigurationPlatforms) = preSolution
		Debug|Any CPU = Debug|Any CPU
		Release|Any CPU = Release|Any CPU
	EndGlobalSection
	GlobalSection(ProjectConfigurationPlatforms) = postSolution
		{12D5E91E-4A46-4057-9D52-125115F2A4F4}.Debug|Any CPU.ActiveCfg = Debug|Any CPU
		{12D5E91E-4A46-4057-9D52-125115F2A4F4}.Debug|Any CPU.Build.0 = Debug|Any CPU
		{12D5E91E-4A46-4057-9D52-125115F2A4F4}.Release|Any CPU.ActiveCfg = Release|Any CPU
		{12D5E91E-4A46-4057-9D52-125115F2A4F4}.Release|Any CPU.Build.0 = Release|Any CPU
	EndGlobalSection
	GlobalSection(SolutionProperties) = preSolution
		HideSolutionNode = FALSE
	EndGlobalSection
	GlobalSection(ExtensibilityGlobals) = postSolution
		SolutionGuid = {125D7BBE-3EB0-4FFE-A55A-A9B9FCF1EF97}
	EndGlobalSection
EndGlobal
